// !$*UTF8*$!
{
	archiveVersion = 1;
	classes = {
	};
	objectVersion = 77;
	objects = {

/* Begin PBXBuildFile section */
		030BBE3AC22E9E1A21F14441 /* ContentViewModel+Folder.swift in Sources */ = {isa = PBXBuildFile; fileRef = 8A9B30565C8ED777B63D5A7D /* ContentViewModel+Folder.swift */; };
		031916913080F36A0ED7E4FC /* Localizable.xcstrings in Resources */ = {isa = PBXBuildFile; fileRef = DC422688CDA11BB4470BF6E4 /* Localizable.xcstrings */; };
		06243826A06304BCD9EFB8DC /* LanczosSuperResolutionEngine.swift in Sources */ = {isa = PBXBuildFile; fileRef = 24A165F3B543D588FCEB0A71 /* LanczosSuperResolutionEngine.swift */; };
		080DFC954BCE85A3E0C5131C /* EXIFService.swift in Sources */ = {isa = PBXBuildFile; fileRef = B913D5C3C46A4CA316F7DB28 /* EXIFService.swift */; };
		1747A0F368BE64D2BBBCDDFB /* TiledInferenceRunnerTests.swift in Sources */ = {isa = PBXBuildFile; fileRef = 99E2DFFBCF2DF969FDB6A710 /* TiledInferenceRunnerTests.swift */; };
		1923317160FCB7C5C33A64CB /* EditInfo.swift in Sources */ = {isa = PBXBuildFile; fileRef = EC8AF43F85D5945C8B6AD938 /* EditInfo.swift */; };
		245F3DE1BDBD2C3FDC1B1453 /* ShootLogApp.swift in Sources */ = {isa = PBXBuildFile; fileRef = 198877FDF708601484B8399F /* ShootLogApp.swift */; };
		290BABFDD1571FA2F18936A7 /* SlideshowViewModel.swift in Sources */ = {isa = PBXBuildFile; fileRef = 40631F5AD94C18E166DF3A55 /* SlideshowViewModel.swift */; };
		2B577FC734C98FD7D91EB0C0 /* UpscaleOutputDestination.swift in Sources */ = {isa = PBXBuildFile; fileRef = 0AA343AB9889208D28018E38 /* UpscaleOutputDestination.swift */; };
		2DF06D9ABCC05247D3C95A5F /* PhotoRepository.swift in Sources */ = {isa = PBXBuildFile; fileRef = D38DCCF54537DA8318CC0813 /* PhotoRepository.swift */; };
		320EB5024F5CACDE698678FA /* FolderAvailabilityChecker.swift in Sources */ = {isa = PBXBuildFile; fileRef = F11C6C12F60B2B0D0F861DFE /* FolderAvailabilityChecker.swift */; };
		33120C24CC572BDCF8D097FF /* ContentViewModel.swift in Sources */ = {isa = PBXBuildFile; fileRef = 763EE10565D38482AD27DB18 /* ContentViewModel.swift */; };
		359FE7F552FE80D5F2F2379E /* realesrgan.mlpackage in Sources */ = {isa = PBXBuildFile; fileRef = 4676ECFB30A59BD8D90D2B4D /* realesrgan.mlpackage */; };
		3B657497480D3E0441EBA0B6 /* UpscaleExportSheet.swift in Sources */ = {isa = PBXBuildFile; fileRef = 5AA8B9351D4D2F28C376679E /* UpscaleExportSheet.swift */; };
		3DB863D2D45699FDB4A78B65 /* SidebarModeView.swift in Sources */ = {isa = PBXBuildFile; fileRef = F12E9306D3A3C4A2213D21AC /* SidebarModeView.swift */; };
		40F9A27F3AB730F493F2CF13 /* PreviewAdapter.swift in Sources */ = {isa = PBXBuildFile; fileRef = F3E1646FCCD5020BEABA0153 /* PreviewAdapter.swift */; };
		45967BEC2F318231974500BE /* AnalysisViewModel+Insights.swift in Sources */ = {isa = PBXBuildFile; fileRef = 6D90BCE25ED386FC76C6661A /* AnalysisViewModel+Insights.swift */; };
		48C094BCE4EF3730DEE6C693 /* CropViewModel.swift in Sources */ = {isa = PBXBuildFile; fileRef = 8E0765DCFEF1C40188927D53 /* CropViewModel.swift */; };
		494F66A99111027E1AC5EFA7 /* CaptureOneAdapter.swift in Sources */ = {isa = PBXBuildFile; fileRef = 3E683A1758973FA79257F860 /* CaptureOneAdapter.swift */; };
		4B321C623395CCB70A4C8AEA /* IntegrationAppSetting.swift in Sources */ = {isa = PBXBuildFile; fileRef = B60E50E4196D06F05D525C96 /* IntegrationAppSetting.swift */; };
		4DE7D733692D9DF48CC9C6A4 /* CustomAppAdapter.swift in Sources */ = {isa = PBXBuildFile; fileRef = DE5F98F0201F18F0FFDCA729 /* CustomAppAdapter.swift */; };
		50354C01F234778E9376C27E /* CropOverlayView.swift in Sources */ = {isa = PBXBuildFile; fileRef = 8955D8207536E6BD56618C02 /* CropOverlayView.swift */; };
		51DA1BBE58D206E3B2716382 /* SuperResolutionModelCatalog.swift in Sources */ = {isa = PBXBuildFile; fileRef = B2E86001A63DEA4CF8FE58BE /* SuperResolutionModelCatalog.swift */; };
		57F22BC1076F92F9B55EEBBC /* ToastView.swift in Sources */ = {isa = PBXBuildFile; fileRef = 473987B891CAA36C8577A20C /* ToastView.swift */; };
		581857E70CFC09EB7B0B3983 /* EXIFPanelViewModel.swift in Sources */ = {isa = PBXBuildFile; fileRef = 38CF5A056585E7264D531525 /* EXIFPanelViewModel.swift */; };
		596A821645C828B7F53D0580 /* Assets.xcassets in Resources */ = {isa = PBXBuildFile; fileRef = 0A83DBE9107D998FD6C6C202 /* Assets.xcassets */; };
		59D31E1F5C3CF0C58B7BDF5D /* ContentView.swift in Sources */ = {isa = PBXBuildFile; fileRef = A7715DA5CBC99818C7B94463 /* ContentView.swift */; };
		6341BEB509A7BEF1369DB05C /* PhotoListView.swift in Sources */ = {isa = PBXBuildFile; fileRef = 33E133BB3664A2D95D18BFE6 /* PhotoListView.swift */; };
		6C799D67302DE70200312E49 /* ShootLog.icon in Resources */ = {isa = PBXBuildFile; fileRef = 6C799D66302DE70200312E49 /* ShootLog.icon */; };
		7654EF65E95271DED5FBD4AC /* EXIFPanelView.swift in Sources */ = {isa = PBXBuildFile; fileRef = 17D9D05D9C2EC08B225F1B12 /* EXIFPanelView.swift */; };
		7B6227A17FD823ABC1991996 /* ViewModeRegistry.swift in Sources */ = {isa = PBXBuildFile; fileRef = 5D0F0789C7956A9C35808B80 /* ViewModeRegistry.swift */; };
		862B7B6E7B111B7C6AB46193 /* ViewModelBox.swift in Sources */ = {isa = PBXBuildFile; fileRef = 22AC7471AEB1109C99138FD7 /* ViewModelBox.swift */; };
		86D4E150100E80074C3AC21B /* SidebarViewModel.swift in Sources */ = {isa = PBXBuildFile; fileRef = 51837C9265B8B48EB53A77C0 /* SidebarViewModel.swift */; };
		8C7557CE655D13FD8E5D853F /* ExternalAppProtocol.swift in Sources */ = {isa = PBXBuildFile; fileRef = 166A6F4A3ED261B27492D9D4 /* ExternalAppProtocol.swift */; };
		8D600D298E40F827F112364B /* AnalysisViewModel.swift in Sources */ = {isa = PBXBuildFile; fileRef = 4BB719EBA105A8975DFB7A5C /* AnalysisViewModel.swift */; };
		8E9187EA15223F2B035031D2 /* Photo.swift in Sources */ = {isa = PBXBuildFile; fileRef = 80F7296C3DC912CEADEACE48 /* Photo.swift */; };
		8F03CF08696F1310E287E00B /* ContentViewModel+PhotoActions.swift in Sources */ = {isa = PBXBuildFile; fileRef = 8CC049DB8CF87DC99FDB0100 /* ContentViewModel+PhotoActions.swift */; };
		8F6597F5AC67B86EBC82D662 /* PhotoViewerView.swift in Sources */ = {isa = PBXBuildFile; fileRef = EF13A531C7944060A4EB1AAC /* PhotoViewerView.swift */; };
		8FD0805E9DF4F8E8643851B6 /* SuperResolutionEngine.swift in Sources */ = {isa = PBXBuildFile; fileRef = A48F31DCC1871BBB0FFBF2AF /* SuperResolutionEngine.swift */; };
		939EAF44EFEE3CD5B6575215 /* EditorToolbarView.swift in Sources */ = {isa = PBXBuildFile; fileRef = C981DCCCDD5EE800CE3EE736 /* EditorToolbarView.swift */; };
		9B674F3330FEAD5D6B149D7D /* FullscreenModeView.swift in Sources */ = {isa = PBXBuildFile; fileRef = 7E9A136FC9BBC9E6DC0FFD0A /* FullscreenModeView.swift */; };
		9C0FD3A05414302E017E4D6F /* ZoomPanGeometry.swift in Sources */ = {isa = PBXBuildFile; fileRef = 9ECB385FB8E648722B9DD8D7 /* ZoomPanGeometry.swift */; };
		9C417C89B558A3C4DBA13D4B /* ContentViewModel+Upscale.swift in Sources */ = {isa = PBXBuildFile; fileRef = 3096BD03E532366210FFD386 /* ContentViewModel+Upscale.swift */; };
		9CFF149BFE77B41B0D9B0F38 /* DesignSystem.swift in Sources */ = {isa = PBXBuildFile; fileRef = A7093F9E9C1BDD3D78630ECD /* DesignSystem.swift */; };
		A031D24546A533ABA240A9BE /* TiledInferenceRunner.swift in Sources */ = {isa = PBXBuildFile; fileRef = 49F7F6E392E8A396396F2056 /* TiledInferenceRunner.swift */; };
		A38831FB309A43EC53C4634B /* CoreMLSuperResolutionEngine.swift in Sources */ = {isa = PBXBuildFile; fileRef = 1F728D910332DF193BEAD261 /* CoreMLSuperResolutionEngine.swift */; };
		A71903CDC4FB9D908259A1C9 /* EmptyStateView.swift in Sources */ = {isa = PBXBuildFile; fileRef = D54B7A657E5C95915EC1419C /* EmptyStateView.swift */; };
		AA83ED5B262EE3DF3C4D0512 /* ImageLoader.swift in Sources */ = {isa = PBXBuildFile; fileRef = 6536D3FE43A4B25BDD7E78BD /* ImageLoader.swift */; };
		AE6A82C6C24B772C10BFDC8A /* FinderAdapter.swift in Sources */ = {isa = PBXBuildFile; fileRef = D16B48462D59123CF5C95947 /* FinderAdapter.swift */; };
		B505DA43EF5FB9371CE5910B /* ShootLogError.swift in Sources */ = {isa = PBXBuildFile; fileRef = B55E9767345E935E9D60FD6F /* ShootLogError.swift */; };
		B6B6F4E1A408DBBAB25E4D6A /* SettingsView.swift in Sources */ = {isa = PBXBuildFile; fileRef = 225F66EF350AE6462B7502AB /* SettingsView.swift */; };
		B71289277CA5A2B9ECBD75CC /* AnalysisView.swift in Sources */ = {isa = PBXBuildFile; fileRef = B72F92DA4576B813F6444993 /* AnalysisView.swift */; };
		B9459876051334C389D7BFF5 /* TrackpadSwipeCatcher.swift in Sources */ = {isa = PBXBuildFile; fileRef = 4A7D1B8592291539F1790C33 /* TrackpadSwipeCatcher.swift */; };
		BDDC3BDA4E1E4B1ABD80036B /* PhotoThumbnailViewModel.swift in Sources */ = {isa = PBXBuildFile; fileRef = 0CCE2DD356595BC33275B9BB /* PhotoThumbnailViewModel.swift */; };
		C21830354E453E856C1E45A6 /* SlideshowModeView.swift in Sources */ = {isa = PBXBuildFile; fileRef = FA4CB76CA0C0D3E38DD98F29 /* SlideshowModeView.swift */; };
		C56FDB2FB285C4F4D0548BAD /* PageDotsView.swift in Sources */ = {isa = PBXBuildFile; fileRef = 486E30AF949E00541CC2CC1D /* PageDotsView.swift */; };
		CE5127348A69A655113E97D3 /* URL+Volume.swift in Sources */ = {isa = PBXBuildFile; fileRef = BF24E8239C713890AF34C144 /* URL+Volume.swift */; };
		D01EE381A52CE998F5939B62 /* LightroomAdapter.swift in Sources */ = {isa = PBXBuildFile; fileRef = 2843453D7ECC555E294521C4 /* LightroomAdapter.swift */; };
		D28DB6E2AD582B366940AA5B /* EditablePhotoView.swift in Sources */ = {isa = PBXBuildFile; fileRef = 84404E85187227393FC4CA60 /* EditablePhotoView.swift */; };
		DA4D0DF31B3247533A360159 /* UpscaleOutputDestinationTests.swift in Sources */ = {isa = PBXBuildFile; fileRef = 7D9FFCCED2E889F08B17BD94 /* UpscaleOutputDestinationTests.swift */; };
		DA668B81B4CF5A47C0840CEA /* AnalysisViewModel+Session.swift in Sources */ = {isa = PBXBuildFile; fileRef = 24E871D51C2284C8F024F552 /* AnalysisViewModel+Session.swift */; };
		E040C0A60AEA8A9771A3BEF7 /* AppSettingsKeys.swift in Sources */ = {isa = PBXBuildFile; fileRef = 8B31DFB97694482C78CB89E3 /* AppSettingsKeys.swift */; };
		E21E7A36736BEF8F142B900C /* PhotoImageViewModel.swift in Sources */ = {isa = PBXBuildFile; fileRef = A4FBFC71504C70FD717EC25E /* PhotoImageViewModel.swift */; };
		E2B3F1BC9DA69E3416910059 /* UpscaleExporter.swift in Sources */ = {isa = PBXBuildFile; fileRef = 8C31DE456D389A0941F5D8FD /* UpscaleExporter.swift */; };
		E2FFF28138E0D56FD7A619BE /* ModeToolbarComponents.swift in Sources */ = {isa = PBXBuildFile; fileRef = 2730C104F857D9764E0FA6B5 /* ModeToolbarComponents.swift */; };
		E4F16CB23C5482423864B528 /* IntegrationSettingsTab.swift in Sources */ = {isa = PBXBuildFile; fileRef = 58B6B8619E38F249A43D8526 /* IntegrationSettingsTab.swift */; };
		E50F18C44E1B0B4398A52402 /* ContentViewModel+Edit.swift in Sources */ = {isa = PBXBuildFile; fileRef = 5CABB7CD3C68C18851FE609E /* ContentViewModel+Edit.swift */; };
		EB63C67DC3703BDBD56AE2E3 /* ShootLogTestsExample.swift in Sources */ = {isa = PBXBuildFile; fileRef = F5DE919666BE32896CB553EE /* ShootLogTestsExample.swift */; };
		EC76F2F5BDCEB685D55E4200 /* AffinityPhotoAdapter.swift in Sources */ = {isa = PBXBuildFile; fileRef = C6932954408012E9BDCF2635 /* AffinityPhotoAdapter.swift */; };
		EE728C7502A34D1EB5C8FCDE /* OutputPixelBuffer.swift in Sources */ = {isa = PBXBuildFile; fileRef = EFE2FB0C28A6AD8CF11DFFB3 /* OutputPixelBuffer.swift */; };
		F29B48196D9FB32BC3B84185 /* FullscreenViewModel.swift in Sources */ = {isa = PBXBuildFile; fileRef = 8A3586577B34113E9FCDBD02 /* FullscreenViewModel.swift */; };
		F42300F13A074BB8E43D2EC5 /* HighResPrefetcher.swift in Sources */ = {isa = PBXBuildFile; fileRef = 87D3A781AB6130B0649232AB /* HighResPrefetcher.swift */; };
		F4A3E0368E52525903858AF6 /* WindowChromeConfigurator.swift in Sources */ = {isa = PBXBuildFile; fileRef = 13102528061FD4C8CAE18E5A /* WindowChromeConfigurator.swift */; };
		F4CA1A0FB48EED919BEA6FB4 /* FolderHistory.swift in Sources */ = {isa = PBXBuildFile; fileRef = 6C23180141F27C9F04528010 /* FolderHistory.swift */; };
		F7F7AB0140C851B6067D14D8 /* ViewModeProtocol.swift in Sources */ = {isa = PBXBuildFile; fileRef = 40A5871EEFCC54199ECDA2F6 /* ViewModeProtocol.swift */; };
		FABE34E186160ED39996C9CE /* UpscaleExportViewModel.swift in Sources */ = {isa = PBXBuildFile; fileRef = 62798210C338A80D5F72D6F6 /* UpscaleExportViewModel.swift */; };
		FE2E5BB83783BC3DE04AE003 /* PhotoshopAdapter.swift in Sources */ = {isa = PBXBuildFile; fileRef = FEBB2BA30C121B913CE5A9A8 /* PhotoshopAdapter.swift */; };
/* End PBXBuildFile section */

/* Begin PBXContainerItemProxy section */
		F4EF3F3EA924C75139495908 /* PBXContainerItemProxy */ = {
			isa = PBXContainerItemProxy;
			containerPortal = 1F10C356B7A1DF96721AA3ED /* Project object */;
			proxyType = 1;
			remoteGlobalIDString = 842A8C701D85DC736FD9703A;
			remoteInfo = ShootLog;
		};
/* End PBXContainerItemProxy section */

/* Begin PBXFileReference section */
		0875AA31E08C99CEEBFA3D73 /* ShootLog.app */ = {isa = PBXFileReference; explicitFileType = wrapper.application; includeInIndex = 0; path = ShootLog.app; sourceTree = BUILT_PRODUCTS_DIR; };
		0A83DBE9107D998FD6C6C202 /* Assets.xcassets */ = {isa = PBXFileReference; lastKnownFileType = folder.assetcatalog; path = Assets.xcassets; sourceTree = "<group>"; };
		0AA343AB9889208D28018E38 /* UpscaleOutputDestination.swift */ = {isa = PBXFileReference; lastKnownFileType = sourcecode.swift; path = UpscaleOutputDestination.swift; sourceTree = "<group>"; };
		0CCE2DD356595BC33275B9BB /* PhotoThumbnailViewModel.swift */ = {isa = PBXFileReference; lastKnownFileType = sourcecode.swift; path = PhotoThumbnailViewModel.swift; sourceTree = "<group>"; };
		13102528061FD4C8CAE18E5A /* WindowChromeConfigurator.swift */ = {isa = PBXFileReference; lastKnownFileType = sourcecode.swift; path = WindowChromeConfigurator.swift; sourceTree = "<group>"; };
		166A6F4A3ED261B27492D9D4 /* ExternalAppProtocol.swift */ = {isa = PBXFileReference; lastKnownFileType = sourcecode.swift; path = ExternalAppProtocol.swift; sourceTree = "<group>"; };
		17D9D05D9C2EC08B225F1B12 /* EXIFPanelView.swift */ = {isa = PBXFileReference; lastKnownFileType = sourcecode.swift; path = EXIFPanelView.swift; sourceTree = "<group>"; };
		198877FDF708601484B8399F /* ShootLogApp.swift */ = {isa = PBXFileReference; lastKnownFileType = sourcecode.swift; path = ShootLogApp.swift; sourceTree = "<group>"; };
		1F728D910332DF193BEAD261 /* CoreMLSuperResolutionEngine.swift */ = {isa = PBXFileReference; lastKnownFileType = sourcecode.swift; path = CoreMLSuperResolutionEngine.swift; sourceTree = "<group>"; };
		225F66EF350AE6462B7502AB /* SettingsView.swift */ = {isa = PBXFileReference; lastKnownFileType = sourcecode.swift; path = SettingsView.swift; sourceTree = "<group>"; };
		22AC7471AEB1109C99138FD7 /* ViewModelBox.swift */ = {isa = PBXFileReference; lastKnownFileType = sourcecode.swift; path = ViewModelBox.swift; sourceTree = "<group>"; };
		24A165F3B543D588FCEB0A71 /* LanczosSuperResolutionEngine.swift */ = {isa = PBXFileReference; lastKnownFileType = sourcecode.swift; path = LanczosSuperResolutionEngine.swift; sourceTree = "<group>"; };
		24E871D51C2284C8F024F552 /* AnalysisViewModel+Session.swift */ = {isa = PBXFileReference; lastKnownFileType = sourcecode.swift; path = "AnalysisViewModel+Session.swift"; sourceTree = "<group>"; };
		2730C104F857D9764E0FA6B5 /* ModeToolbarComponents.swift */ = {isa = PBXFileReference; lastKnownFileType = sourcecode.swift; path = ModeToolbarComponents.swift; sourceTree = "<group>"; };
		2843453D7ECC555E294521C4 /* LightroomAdapter.swift */ = {isa = PBXFileReference; lastKnownFileType = sourcecode.swift; path = LightroomAdapter.swift; sourceTree = "<group>"; };
		3096BD03E532366210FFD386 /* ContentViewModel+Upscale.swift */ = {isa = PBXFileReference; lastKnownFileType = sourcecode.swift; path = "ContentViewModel+Upscale.swift"; sourceTree = "<group>"; };
		33E133BB3664A2D95D18BFE6 /* PhotoListView.swift */ = {isa = PBXFileReference; lastKnownFileType = sourcecode.swift; path = PhotoListView.swift; sourceTree = "<group>"; };
		38CF5A056585E7264D531525 /* EXIFPanelViewModel.swift */ = {isa = PBXFileReference; lastKnownFileType = sourcecode.swift; path = EXIFPanelViewModel.swift; sourceTree = "<group>"; };
		3E683A1758973FA79257F860 /* CaptureOneAdapter.swift */ = {isa = PBXFileReference; lastKnownFileType = sourcecode.swift; path = CaptureOneAdapter.swift; sourceTree = "<group>"; };
		3EA753C93782AE9EA822AAF9 /* ShootLogTests.xctest */ = {isa = PBXFileReference; explicitFileType = wrapper.cfbundle; includeInIndex = 0; path = ShootLogTests.xctest; sourceTree = BUILT_PRODUCTS_DIR; };
		40631F5AD94C18E166DF3A55 /* SlideshowViewModel.swift */ = {isa = PBXFileReference; lastKnownFileType = sourcecode.swift; path = SlideshowViewModel.swift; sourceTree = "<group>"; };
		40A5871EEFCC54199ECDA2F6 /* ViewModeProtocol.swift */ = {isa = PBXFileReference; lastKnownFileType = sourcecode.swift; path = ViewModeProtocol.swift; sourceTree = "<group>"; };
		4676ECFB30A59BD8D90D2B4D /* realesrgan.mlpackage */ = {isa = PBXFileReference; lastKnownFileType = folder.mlpackage; path = realesrgan.mlpackage; sourceTree = "<group>"; };
		473987B891CAA36C8577A20C /* ToastView.swift */ = {isa = PBXFileReference; lastKnownFileType = sourcecode.swift; path = ToastView.swift; sourceTree = "<group>"; };
		486E30AF949E00541CC2CC1D /* PageDotsView.swift */ = {isa = PBXFileReference; lastKnownFileType = sourcecode.swift; path = PageDotsView.swift; sourceTree = "<group>"; };
		49F7F6E392E8A396396F2056 /* TiledInferenceRunner.swift */ = {isa = PBXFileReference; lastKnownFileType = sourcecode.swift; path = TiledInferenceRunner.swift; sourceTree = "<group>"; };
		4A7D1B8592291539F1790C33 /* TrackpadSwipeCatcher.swift */ = {isa = PBXFileReference; lastKnownFileType = sourcecode.swift; path = TrackpadSwipeCatcher.swift; sourceTree = "<group>"; };
		4BB719EBA105A8975DFB7A5C /* AnalysisViewModel.swift */ = {isa = PBXFileReference; lastKnownFileType = sourcecode.swift; path = AnalysisViewModel.swift; sourceTree = "<group>"; };
		51837C9265B8B48EB53A77C0 /* SidebarViewModel.swift */ = {isa = PBXFileReference; lastKnownFileType = sourcecode.swift; path = SidebarViewModel.swift; sourceTree = "<group>"; };
		58B6B8619E38F249A43D8526 /* IntegrationSettingsTab.swift */ = {isa = PBXFileReference; lastKnownFileType = sourcecode.swift; path = IntegrationSettingsTab.swift; sourceTree = "<group>"; };
		5AA8B9351D4D2F28C376679E /* UpscaleExportSheet.swift */ = {isa = PBXFileReference; lastKnownFileType = sourcecode.swift; path = UpscaleExportSheet.swift; sourceTree = "<group>"; };
		5CABB7CD3C68C18851FE609E /* ContentViewModel+Edit.swift */ = {isa = PBXFileReference; lastKnownFileType = sourcecode.swift; path = "ContentViewModel+Edit.swift"; sourceTree = "<group>"; };
		5D0F0789C7956A9C35808B80 /* ViewModeRegistry.swift */ = {isa = PBXFileReference; lastKnownFileType = sourcecode.swift; path = ViewModeRegistry.swift; sourceTree = "<group>"; };
		62798210C338A80D5F72D6F6 /* UpscaleExportViewModel.swift */ = {isa = PBXFileReference; lastKnownFileType = sourcecode.swift; path = UpscaleExportViewModel.swift; sourceTree = "<group>"; };
		6536D3FE43A4B25BDD7E78BD /* ImageLoader.swift */ = {isa = PBXFileReference; lastKnownFileType = sourcecode.swift; path = ImageLoader.swift; sourceTree = "<group>"; };
		6C23180141F27C9F04528010 /* FolderHistory.swift */ = {isa = PBXFileReference; lastKnownFileType = sourcecode.swift; path = FolderHistory.swift; sourceTree = "<group>"; };
		6C799D66302DE70200312E49 /* ShootLog.icon */ = {isa = PBXFileReference; lastKnownFileType = folder.iconcomposer.icon; path = ShootLog.icon; sourceTree = "<group>"; };
		6D90BCE25ED386FC76C6661A /* AnalysisViewModel+Insights.swift */ = {isa = PBXFileReference; lastKnownFileType = sourcecode.swift; path = "AnalysisViewModel+Insights.swift"; sourceTree = "<group>"; };
		763EE10565D38482AD27DB18 /* ContentViewModel.swift */ = {isa = PBXFileReference; lastKnownFileType = sourcecode.swift; path = ContentViewModel.swift; sourceTree = "<group>"; };
		7D9FFCCED2E889F08B17BD94 /* UpscaleOutputDestinationTests.swift */ = {isa = PBXFileReference; lastKnownFileType = sourcecode.swift; path = UpscaleOutputDestinationTests.swift; sourceTree = "<group>"; };
		7E9A136FC9BBC9E6DC0FFD0A /* FullscreenModeView.swift */ = {isa = PBXFileReference; lastKnownFileType = sourcecode.swift; path = FullscreenModeView.swift; sourceTree = "<group>"; };
		80F7296C3DC912CEADEACE48 /* Photo.swift */ = {isa = PBXFileReference; lastKnownFileType = sourcecode.swift; path = Photo.swift; sourceTree = "<group>"; };
		84404E85187227393FC4CA60 /* EditablePhotoView.swift */ = {isa = PBXFileReference; lastKnownFileType = sourcecode.swift; path = EditablePhotoView.swift; sourceTree = "<group>"; };
		87D3A781AB6130B0649232AB /* HighResPrefetcher.swift */ = {isa = PBXFileReference; lastKnownFileType = sourcecode.swift; path = HighResPrefetcher.swift; sourceTree = "<group>"; };
		8955D8207536E6BD56618C02 /* CropOverlayView.swift */ = {isa = PBXFileReference; lastKnownFileType = sourcecode.swift; path = CropOverlayView.swift; sourceTree = "<group>"; };
		8A3586577B34113E9FCDBD02 /* FullscreenViewModel.swift */ = {isa = PBXFileReference; lastKnownFileType = sourcecode.swift; path = FullscreenViewModel.swift; sourceTree = "<group>"; };
		8A9B30565C8ED777B63D5A7D /* ContentViewModel+Folder.swift */ = {isa = PBXFileReference; lastKnownFileType = sourcecode.swift; path = "ContentViewModel+Folder.swift"; sourceTree = "<group>"; };
		8B31DFB97694482C78CB89E3 /* AppSettingsKeys.swift */ = {isa = PBXFileReference; lastKnownFileType = sourcecode.swift; path = AppSettingsKeys.swift; sourceTree = "<group>"; };
		8C31DE456D389A0941F5D8FD /* UpscaleExporter.swift */ = {isa = PBXFileReference; lastKnownFileType = sourcecode.swift; path = UpscaleExporter.swift; sourceTree = "<group>"; };
		8CC049DB8CF87DC99FDB0100 /* ContentViewModel+PhotoActions.swift */ = {isa = PBXFileReference; lastKnownFileType = sourcecode.swift; path = "ContentViewModel+PhotoActions.swift"; sourceTree = "<group>"; };
		8E0765DCFEF1C40188927D53 /* CropViewModel.swift */ = {isa = PBXFileReference; lastKnownFileType = sourcecode.swift; path = CropViewModel.swift; sourceTree = "<group>"; };
		99E2DFFBCF2DF969FDB6A710 /* TiledInferenceRunnerTests.swift */ = {isa = PBXFileReference; lastKnownFileType = sourcecode.swift; path = TiledInferenceRunnerTests.swift; sourceTree = "<group>"; };
		9ECB385FB8E648722B9DD8D7 /* ZoomPanGeometry.swift */ = {isa = PBXFileReference; lastKnownFileType = sourcecode.swift; path = ZoomPanGeometry.swift; sourceTree = "<group>"; };
		A122532B35DFC65BD2CCD4FD /* Info.plist */ = {isa = PBXFileReference; lastKnownFileType = text.plist; path = Info.plist; sourceTree = "<group>"; };
		A48F31DCC1871BBB0FFBF2AF /* SuperResolutionEngine.swift */ = {isa = PBXFileReference; lastKnownFileType = sourcecode.swift; path = SuperResolutionEngine.swift; sourceTree = "<group>"; };
		A4FBFC71504C70FD717EC25E /* PhotoImageViewModel.swift */ = {isa = PBXFileReference; lastKnownFileType = sourcecode.swift; path = PhotoImageViewModel.swift; sourceTree = "<group>"; };
		A7093F9E9C1BDD3D78630ECD /* DesignSystem.swift */ = {isa = PBXFileReference; lastKnownFileType = sourcecode.swift; path = DesignSystem.swift; sourceTree = "<group>"; };
		A7715DA5CBC99818C7B94463 /* ContentView.swift */ = {isa = PBXFileReference; lastKnownFileType = sourcecode.swift; path = ContentView.swift; sourceTree = "<group>"; };
		B2E86001A63DEA4CF8FE58BE /* SuperResolutionModelCatalog.swift */ = {isa = PBXFileReference; lastKnownFileType = sourcecode.swift; path = SuperResolutionModelCatalog.swift; sourceTree = "<group>"; };
		B55E9767345E935E9D60FD6F /* ShootLogError.swift */ = {isa = PBXFileReference; lastKnownFileType = sourcecode.swift; path = ShootLogError.swift; sourceTree = "<group>"; };
		B60E50E4196D06F05D525C96 /* IntegrationAppSetting.swift */ = {isa = PBXFileReference; lastKnownFileType = sourcecode.swift; path = IntegrationAppSetting.swift; sourceTree = "<group>"; };
		B72F92DA4576B813F6444993 /* AnalysisView.swift */ = {isa = PBXFileReference; lastKnownFileType = sourcecode.swift; path = AnalysisView.swift; sourceTree = "<group>"; };
		B913D5C3C46A4CA316F7DB28 /* EXIFService.swift */ = {isa = PBXFileReference; lastKnownFileType = sourcecode.swift; path = EXIFService.swift; sourceTree = "<group>"; };
		BF24E8239C713890AF34C144 /* URL+Volume.swift */ = {isa = PBXFileReference; lastKnownFileType = sourcecode.swift; path = "URL+Volume.swift"; sourceTree = "<group>"; };
		C0F6FD2202EF7C6F0CBF8B3C /* ShootLog.entitlements */ = {isa = PBXFileReference; lastKnownFileType = text.plist.entitlements; path = ShootLog.entitlements; sourceTree = "<group>"; };
		C6932954408012E9BDCF2635 /* AffinityPhotoAdapter.swift */ = {isa = PBXFileReference; lastKnownFileType = sourcecode.swift; path = AffinityPhotoAdapter.swift; sourceTree = "<group>"; };
		C981DCCCDD5EE800CE3EE736 /* EditorToolbarView.swift */ = {isa = PBXFileReference; lastKnownFileType = sourcecode.swift; path = EditorToolbarView.swift; sourceTree = "<group>"; };
		D16B48462D59123CF5C95947 /* FinderAdapter.swift */ = {isa = PBXFileReference; lastKnownFileType = sourcecode.swift; path = FinderAdapter.swift; sourceTree = "<group>"; };
		D38DCCF54537DA8318CC0813 /* PhotoRepository.swift */ = {isa = PBXFileReference; lastKnownFileType = sourcecode.swift; path = PhotoRepository.swift; sourceTree = "<group>"; };
		D54B7A657E5C95915EC1419C /* EmptyStateView.swift */ = {isa = PBXFileReference; lastKnownFileType = sourcecode.swift; path = EmptyStateView.swift; sourceTree = "<group>"; };
		DC422688CDA11BB4470BF6E4 /* Localizable.xcstrings */ = {isa = PBXFileReference; lastKnownFileType = text.json.xcstrings; path = Localizable.xcstrings; sourceTree = "<group>"; };
		DE5F98F0201F18F0FFDCA729 /* CustomAppAdapter.swift */ = {isa = PBXFileReference; lastKnownFileType = sourcecode.swift; path = CustomAppAdapter.swift; sourceTree = "<group>"; };
		EC8AF43F85D5945C8B6AD938 /* EditInfo.swift */ = {isa = PBXFileReference; lastKnownFileType = sourcecode.swift; path = EditInfo.swift; sourceTree = "<group>"; };
		EF13A531C7944060A4EB1AAC /* PhotoViewerView.swift */ = {isa = PBXFileReference; lastKnownFileType = sourcecode.swift; path = PhotoViewerView.swift; sourceTree = "<group>"; };
		EFE2FB0C28A6AD8CF11DFFB3 /* OutputPixelBuffer.swift */ = {isa = PBXFileReference; lastKnownFileType = sourcecode.swift; path = OutputPixelBuffer.swift; sourceTree = "<group>"; };
		F11C6C12F60B2B0D0F861DFE /* FolderAvailabilityChecker.swift */ = {isa = PBXFileReference; lastKnownFileType = sourcecode.swift; path = FolderAvailabilityChecker.swift; sourceTree = "<group>"; };
		F12E9306D3A3C4A2213D21AC /* SidebarModeView.swift */ = {isa = PBXFileReference; lastKnownFileType = sourcecode.swift; path = SidebarModeView.swift; sourceTree = "<group>"; };
		F3E1646FCCD5020BEABA0153 /* PreviewAdapter.swift */ = {isa = PBXFileReference; lastKnownFileType = sourcecode.swift; path = PreviewAdapter.swift; sourceTree = "<group>"; };
		F5DE919666BE32896CB553EE /* ShootLogTestsExample.swift */ = {isa = PBXFileReference; lastKnownFileType = sourcecode.swift; path = ShootLogTestsExample.swift; sourceTree = "<group>"; };
		FA4CB76CA0C0D3E38DD98F29 /* SlideshowModeView.swift */ = {isa = PBXFileReference; lastKnownFileType = sourcecode.swift; path = SlideshowModeView.swift; sourceTree = "<group>"; };
		FEBB2BA30C121B913CE5A9A8 /* PhotoshopAdapter.swift */ = {isa = PBXFileReference; lastKnownFileType = sourcecode.swift; path = PhotoshopAdapter.swift; sourceTree = "<group>"; };
/* End PBXFileReference section */

/* Begin PBXGroup section */
		30FD2DAC6BD9C95D4988E39C /* Views */ = {
			isa = PBXGroup;
			children = (
				B72F92DA4576B813F6444993 /* AnalysisView.swift */,
				A7715DA5CBC99818C7B94463 /* ContentView.swift */,
				8955D8207536E6BD56618C02 /* CropOverlayView.swift */,
				A7093F9E9C1BDD3D78630ECD /* DesignSystem.swift */,
				84404E85187227393FC4CA60 /* EditablePhotoView.swift */,
				C981DCCCDD5EE800CE3EE736 /* EditorToolbarView.swift */,
				D54B7A657E5C95915EC1419C /* EmptyStateView.swift */,
				17D9D05D9C2EC08B225F1B12 /* EXIFPanelView.swift */,
				7E9A136FC9BBC9E6DC0FFD0A /* FullscreenModeView.swift */,
				58B6B8619E38F249A43D8526 /* IntegrationSettingsTab.swift */,
				2730C104F857D9764E0FA6B5 /* ModeToolbarComponents.swift */,
				486E30AF949E00541CC2CC1D /* PageDotsView.swift */,
				33E133BB3664A2D95D18BFE6 /* PhotoListView.swift */,
				EF13A531C7944060A4EB1AAC /* PhotoViewerView.swift */,
				225F66EF350AE6462B7502AB /* SettingsView.swift */,
				F12E9306D3A3C4A2213D21AC /* SidebarModeView.swift */,
				FA4CB76CA0C0D3E38DD98F29 /* SlideshowModeView.swift */,
				473987B891CAA36C8577A20C /* ToastView.swift */,
				4A7D1B8592291539F1790C33 /* TrackpadSwipeCatcher.swift */,
				5AA8B9351D4D2F28C376679E /* UpscaleExportSheet.swift */,
				13102528061FD4C8CAE18E5A /* WindowChromeConfigurator.swift */,
				9ECB385FB8E648722B9DD8D7 /* ZoomPanGeometry.swift */,
			);
			path = Views;
			sourceTree = "<group>";
		};
		36C64F326E2E41A5C0E957B8 /* ViewModels */ = {
			isa = PBXGroup;
			children = (
				4BB719EBA105A8975DFB7A5C /* AnalysisViewModel.swift */,
				6D90BCE25ED386FC76C6661A /* AnalysisViewModel+Insights.swift */,
				24E871D51C2284C8F024F552 /* AnalysisViewModel+Session.swift */,
				763EE10565D38482AD27DB18 /* ContentViewModel.swift */,
				5CABB7CD3C68C18851FE609E /* ContentViewModel+Edit.swift */,
				8A9B30565C8ED777B63D5A7D /* ContentViewModel+Folder.swift */,
				8CC049DB8CF87DC99FDB0100 /* ContentViewModel+PhotoActions.swift */,
				3096BD03E532366210FFD386 /* ContentViewModel+Upscale.swift */,
				8E0765DCFEF1C40188927D53 /* CropViewModel.swift */,
				38CF5A056585E7264D531525 /* EXIFPanelViewModel.swift */,
				8A3586577B34113E9FCDBD02 /* FullscreenViewModel.swift */,
				A4FBFC71504C70FD717EC25E /* PhotoImageViewModel.swift */,
				0CCE2DD356595BC33275B9BB /* PhotoThumbnailViewModel.swift */,
				51837C9265B8B48EB53A77C0 /* SidebarViewModel.swift */,
				40631F5AD94C18E166DF3A55 /* SlideshowViewModel.swift */,
				62798210C338A80D5F72D6F6 /* UpscaleExportViewModel.swift */,
				22AC7471AEB1109C99138FD7 /* ViewModelBox.swift */,
				40A5871EEFCC54199ECDA2F6 /* ViewModeProtocol.swift */,
				5D0F0789C7956A9C35808B80 /* ViewModeRegistry.swift */,
			);
			path = ViewModels;
			sourceTree = "<group>";
		};
		48C9488A2F4BAA1247132826 /* Adapters */ = {
			isa = PBXGroup;
			children = (
				C6932954408012E9BDCF2635 /* AffinityPhotoAdapter.swift */,
				3E683A1758973FA79257F860 /* CaptureOneAdapter.swift */,
				D16B48462D59123CF5C95947 /* FinderAdapter.swift */,
				2843453D7ECC555E294521C4 /* LightroomAdapter.swift */,
				FEBB2BA30C121B913CE5A9A8 /* PhotoshopAdapter.swift */,
				F3E1646FCCD5020BEABA0153 /* PreviewAdapter.swift */,
			);
			path = Adapters;
			sourceTree = "<group>";
		};
		4B40C2554110FC867A0A9D2F /* Models */ = {
			isa = PBXGroup;
			children = (
				EC8AF43F85D5945C8B6AD938 /* EditInfo.swift */,
				6C23180141F27C9F04528010 /* FolderHistory.swift */,
				B60E50E4196D06F05D525C96 /* IntegrationAppSetting.swift */,
				80F7296C3DC912CEADEACE48 /* Photo.swift */,
			);
			path = Models;
			sourceTree = "<group>";
		};
		595D9777773734E83DDE2EEB /* Models */ = {
			isa = PBXGroup;
			children = (
				4676ECFB30A59BD8D90D2B4D /* realesrgan.mlpackage */,
			);
			path = Models;
			sourceTree = "<group>";
		};
		5B884B4CECC64074CAF4A4B6 /* SuperResolution */ = {
			isa = PBXGroup;
			children = (
				1F728D910332DF193BEAD261 /* CoreMLSuperResolutionEngine.swift */,
				24A165F3B543D588FCEB0A71 /* LanczosSuperResolutionEngine.swift */,
				EFE2FB0C28A6AD8CF11DFFB3 /* OutputPixelBuffer.swift */,
				A48F31DCC1871BBB0FFBF2AF /* SuperResolutionEngine.swift */,
				B2E86001A63DEA4CF8FE58BE /* SuperResolutionModelCatalog.swift */,
				49F7F6E392E8A396396F2056 /* TiledInferenceRunner.swift */,
				8C31DE456D389A0941F5D8FD /* UpscaleExporter.swift */,
				0AA343AB9889208D28018E38 /* UpscaleOutputDestination.swift */,
			);
			path = SuperResolution;
			sourceTree = "<group>";
		};
		5F0AAA0C11BA464AA30A191C /* Core */ = {
			isa = PBXGroup;
			children = (
				B55E9767345E935E9D60FD6F /* ShootLogError.swift */,
				DF8F19883D7241DDD157E6D0 /* Integration */,
				E84FF085F8EC592D89A9682F /* Services */,
			);
			path = Core;
			sourceTree = "<group>";
		};
		674BB964211C9F9411A334C7 /* ShootLog */ = {
			isa = PBXGroup;
			children = (
				6C799D66302DE70200312E49 /* ShootLog.icon */,
				0A83DBE9107D998FD6C6C202 /* Assets.xcassets */,
				A122532B35DFC65BD2CCD4FD /* Info.plist */,
				C0F6FD2202EF7C6F0CBF8B3C /* ShootLog.entitlements */,
				198877FDF708601484B8399F /* ShootLogApp.swift */,
				5F0AAA0C11BA464AA30A191C /* Core */,
				4B40C2554110FC867A0A9D2F /* Models */,
				D39903DA122AB73F3F34EB91 /* Resources */,
				36C64F326E2E41A5C0E957B8 /* ViewModels */,
				30FD2DAC6BD9C95D4988E39C /* Views */,
			);
			path = ShootLog;
			sourceTree = "<group>";
		};
		B2856790B586605B83D3D737 /* Products */ = {
			isa = PBXGroup;
			children = (
				0875AA31E08C99CEEBFA3D73 /* ShootLog.app */,
				3EA753C93782AE9EA822AAF9 /* ShootLogTests.xctest */,
			);
			name = Products;
			sourceTree = "<group>";
		};
		D39903DA122AB73F3F34EB91 /* Resources */ = {
			isa = PBXGroup;
			children = (
				DC422688CDA11BB4470BF6E4 /* Localizable.xcstrings */,
				595D9777773734E83DDE2EEB /* Models */,
			);
			path = Resources;
			sourceTree = "<group>";
		};
		D81BCA3E9750F1D1C66CD146 /* ShootLogTests */ = {
			isa = PBXGroup;
			children = (
				F5DE919666BE32896CB553EE /* ShootLogTestsExample.swift */,
				99E2DFFBCF2DF969FDB6A710 /* TiledInferenceRunnerTests.swift */,
				7D9FFCCED2E889F08B17BD94 /* UpscaleOutputDestinationTests.swift */,
			);
			path = ShootLogTests;
			sourceTree = "<group>";
		};
		DF8F19883D7241DDD157E6D0 /* Integration */ = {
			isa = PBXGroup;
			children = (
				DE5F98F0201F18F0FFDCA729 /* CustomAppAdapter.swift */,
				166A6F4A3ED261B27492D9D4 /* ExternalAppProtocol.swift */,
				48C9488A2F4BAA1247132826 /* Adapters */,
			);
			path = Integration;
			sourceTree = "<group>";
		};
		E84FF085F8EC592D89A9682F /* Services */ = {
			isa = PBXGroup;
			children = (
				8B31DFB97694482C78CB89E3 /* AppSettingsKeys.swift */,
				B913D5C3C46A4CA316F7DB28 /* EXIFService.swift */,
				F11C6C12F60B2B0D0F861DFE /* FolderAvailabilityChecker.swift */,
				87D3A781AB6130B0649232AB /* HighResPrefetcher.swift */,
				6536D3FE43A4B25BDD7E78BD /* ImageLoader.swift */,
				D38DCCF54537DA8318CC0813 /* PhotoRepository.swift */,
				BF24E8239C713890AF34C144 /* URL+Volume.swift */,
				5B884B4CECC64074CAF4A4B6 /* SuperResolution */,
			);
			path = Services;
			sourceTree = "<group>";
		};
		F8C497C0CAECBB0C18C9F4E0 = {
			isa = PBXGroup;
			children = (
				674BB964211C9F9411A334C7 /* ShootLog */,
				D81BCA3E9750F1D1C66CD146 /* ShootLogTests */,
				B2856790B586605B83D3D737 /* Products */,
			);
			sourceTree = "<group>";
		};
/* End PBXGroup section */

/* Begin PBXNativeTarget section */
		842A8C701D85DC736FD9703A /* ShootLog */ = {
			isa = PBXNativeTarget;
			buildConfigurationList = 145676DD32DF74F6E30A3F72 /* Build configuration list for PBXNativeTarget "ShootLog" */;
			buildPhases = (
				114B3C9674E93C194FB4A2C5 /* Sources */,
				885356B3F440C1086689599B /* Resources */,
			);
			buildRules = (
			);
			dependencies = (
			);
			name = ShootLog;
			packageProductDependencies = (
			);
			productName = ShootLog;
			productReference = 0875AA31E08C99CEEBFA3D73 /* ShootLog.app */;
			productType = "com.apple.product-type.application";
		};
		BABFB158B561E6AEDCCCCF59 /* ShootLogTests */ = {
			isa = PBXNativeTarget;
			buildConfigurationList = 46BBCEF3402AE00E557C9939 /* Build configuration list for PBXNativeTarget "ShootLogTests" */;
			buildPhases = (
				489513AABA3A835908E4D34D /* Sources */,
			);
			buildRules = (
			);
			dependencies = (
				0072D9839F42A1B40D4D3986 /* PBXTargetDependency */,
			);
			name = ShootLogTests;
			packageProductDependencies = (
			);
			productName = ShootLogTests;
			productReference = 3EA753C93782AE9EA822AAF9 /* ShootLogTests.xctest */;
			productType = "com.apple.product-type.bundle.unit-test";
		};
/* End PBXNativeTarget section */

/* Begin PBXProject section */
		1F10C356B7A1DF96721AA3ED /* Project object */ = {
			isa = PBXProject;
			attributes = {
				BuildIndependentTargetsInParallel = YES;
				LastUpgradeCheck = 2660;
				TargetAttributes = {
					842A8C701D85DC736FD9703A = {
						ProvisioningStyle = Automatic;
					};
					BABFB158B561E6AEDCCCCF59 = {
						ProvisioningStyle = Automatic;
					};
				};
			};
			buildConfigurationList = 10833327DFCB5D888DA07C67 /* Build configuration list for PBXProject "ShootLog" */;
			developmentRegion = ja;
			hasScannedForEncodings = 0;
			knownRegions = (
				Base,
				en,
				ja,
			);
			mainGroup = F8C497C0CAECBB0C18C9F4E0;
			minimizedProjectReferenceProxies = 1;
			preferredProjectObjectVersion = 77;
			productRefGroup = B2856790B586605B83D3D737 /* Products */;
			projectDirPath = "";
			projectRoot = "";
			targets = (
				842A8C701D85DC736FD9703A /* ShootLog */,
				BABFB158B561E6AEDCCCCF59 /* ShootLogTests */,
			);
		};
/* End PBXProject section */

/* Begin PBXResourcesBuildPhase section */
		885356B3F440C1086689599B /* Resources */ = {
			isa = PBXResourcesBuildPhase;
			buildActionMask = 2147483647;
			files = (
				596A821645C828B7F53D0580 /* Assets.xcassets in Resources */,
				031916913080F36A0ED7E4FC /* Localizable.xcstrings in Resources */,
				6C799D67302DE70200312E49 /* ShootLog.icon in Resources */,
			);
			runOnlyForDeploymentPostprocessing = 0;
		};
/* End PBXResourcesBuildPhase section */

/* Begin PBXSourcesBuildPhase section */
		114B3C9674E93C194FB4A2C5 /* Sources */ = {
			isa = PBXSourcesBuildPhase;
			buildActionMask = 2147483647;
			files = (
				EC76F2F5BDCEB685D55E4200 /* AffinityPhotoAdapter.swift in Sources */,
				B71289277CA5A2B9ECBD75CC /* AnalysisView.swift in Sources */,
				45967BEC2F318231974500BE /* AnalysisViewModel+Insights.swift in Sources */,
				DA668B81B4CF5A47C0840CEA /* AnalysisViewModel+Session.swift in Sources */,
				8D600D298E40F827F112364B /* AnalysisViewModel.swift in Sources */,
				E040C0A60AEA8A9771A3BEF7 /* AppSettingsKeys.swift in Sources */,
				494F66A99111027E1AC5EFA7 /* CaptureOneAdapter.swift in Sources */,
				59D31E1F5C3CF0C58B7BDF5D /* ContentView.swift in Sources */,
				E50F18C44E1B0B4398A52402 /* ContentViewModel+Edit.swift in Sources */,
				030BBE3AC22E9E1A21F14441 /* ContentViewModel+Folder.swift in Sources */,
				8F03CF08696F1310E287E00B /* ContentViewModel+PhotoActions.swift in Sources */,
				9C417C89B558A3C4DBA13D4B /* ContentViewModel+Upscale.swift in Sources */,
				33120C24CC572BDCF8D097FF /* ContentViewModel.swift in Sources */,
				A38831FB309A43EC53C4634B /* CoreMLSuperResolutionEngine.swift in Sources */,
				50354C01F234778E9376C27E /* CropOverlayView.swift in Sources */,
				48C094BCE4EF3730DEE6C693 /* CropViewModel.swift in Sources */,
				4DE7D733692D9DF48CC9C6A4 /* CustomAppAdapter.swift in Sources */,
				9CFF149BFE77B41B0D9B0F38 /* DesignSystem.swift in Sources */,
				7654EF65E95271DED5FBD4AC /* EXIFPanelView.swift in Sources */,
				581857E70CFC09EB7B0B3983 /* EXIFPanelViewModel.swift in Sources */,
				080DFC954BCE85A3E0C5131C /* EXIFService.swift in Sources */,
				1923317160FCB7C5C33A64CB /* EditInfo.swift in Sources */,
				D28DB6E2AD582B366940AA5B /* EditablePhotoView.swift in Sources */,
				939EAF44EFEE3CD5B6575215 /* EditorToolbarView.swift in Sources */,
				A71903CDC4FB9D908259A1C9 /* EmptyStateView.swift in Sources */,
				8C7557CE655D13FD8E5D853F /* ExternalAppProtocol.swift in Sources */,
				AE6A82C6C24B772C10BFDC8A /* FinderAdapter.swift in Sources */,
				320EB5024F5CACDE698678FA /* FolderAvailabilityChecker.swift in Sources */,
				F4CA1A0FB48EED919BEA6FB4 /* FolderHistory.swift in Sources */,
				9B674F3330FEAD5D6B149D7D /* FullscreenModeView.swift in Sources */,
				F29B48196D9FB32BC3B84185 /* FullscreenViewModel.swift in Sources */,
				F42300F13A074BB8E43D2EC5 /* HighResPrefetcher.swift in Sources */,
				AA83ED5B262EE3DF3C4D0512 /* ImageLoader.swift in Sources */,
				4B321C623395CCB70A4C8AEA /* IntegrationAppSetting.swift in Sources */,
				E4F16CB23C5482423864B528 /* IntegrationSettingsTab.swift in Sources */,
				06243826A06304BCD9EFB8DC /* LanczosSuperResolutionEngine.swift in Sources */,
				D01EE381A52CE998F5939B62 /* LightroomAdapter.swift in Sources */,
				E2FFF28138E0D56FD7A619BE /* ModeToolbarComponents.swift in Sources */,
				EE728C7502A34D1EB5C8FCDE /* OutputPixelBuffer.swift in Sources */,
				C56FDB2FB285C4F4D0548BAD /* PageDotsView.swift in Sources */,
				8E9187EA15223F2B035031D2 /* Photo.swift in Sources */,
				E21E7A36736BEF8F142B900C /* PhotoImageViewModel.swift in Sources */,
				6341BEB509A7BEF1369DB05C /* PhotoListView.swift in Sources */,
				2DF06D9ABCC05247D3C95A5F /* PhotoRepository.swift in Sources */,
				BDDC3BDA4E1E4B1ABD80036B /* PhotoThumbnailViewModel.swift in Sources */,
				8F6597F5AC67B86EBC82D662 /* PhotoViewerView.swift in Sources */,
				FE2E5BB83783BC3DE04AE003 /* PhotoshopAdapter.swift in Sources */,
				40F9A27F3AB730F493F2CF13 /* PreviewAdapter.swift in Sources */,
				B6B6F4E1A408DBBAB25E4D6A /* SettingsView.swift in Sources */,
				245F3DE1BDBD2C3FDC1B1453 /* ShootLogApp.swift in Sources */,
				B505DA43EF5FB9371CE5910B /* ShootLogError.swift in Sources */,
				3DB863D2D45699FDB4A78B65 /* SidebarModeView.swift in Sources */,
				86D4E150100E80074C3AC21B /* SidebarViewModel.swift in Sources */,
				C21830354E453E856C1E45A6 /* SlideshowModeView.swift in Sources */,
				290BABFDD1571FA2F18936A7 /* SlideshowViewModel.swift in Sources */,
				8FD0805E9DF4F8E8643851B6 /* SuperResolutionEngine.swift in Sources */,
				51DA1BBE58D206E3B2716382 /* SuperResolutionModelCatalog.swift in Sources */,
				A031D24546A533ABA240A9BE /* TiledInferenceRunner.swift in Sources */,
				57F22BC1076F92F9B55EEBBC /* ToastView.swift in Sources */,
				B9459876051334C389D7BFF5 /* TrackpadSwipeCatcher.swift in Sources */,
				CE5127348A69A655113E97D3 /* URL+Volume.swift in Sources */,
				3B657497480D3E0441EBA0B6 /* UpscaleExportSheet.swift in Sources */,
				FABE34E186160ED39996C9CE /* UpscaleExportViewModel.swift in Sources */,
				E2B3F1BC9DA69E3416910059 /* UpscaleExporter.swift in Sources */,
				2B577FC734C98FD7D91EB0C0 /* UpscaleOutputDestination.swift in Sources */,
				F7F7AB0140C851B6067D14D8 /* ViewModeProtocol.swift in Sources */,
				7B6227A17FD823ABC1991996 /* ViewModeRegistry.swift in Sources */,
				862B7B6E7B111B7C6AB46193 /* ViewModelBox.swift in Sources */,
				F4A3E0368E52525903858AF6 /* WindowChromeConfigurator.swift in Sources */,
				9C0FD3A05414302E017E4D6F /* ZoomPanGeometry.swift in Sources */,
				359FE7F552FE80D5F2F2379E /* realesrgan.mlpackage in Sources */,
			);
			runOnlyForDeploymentPostprocessing = 0;
		};
		489513AABA3A835908E4D34D /* Sources */ = {
			isa = PBXSourcesBuildPhase;
			buildActionMask = 2147483647;
			files = (
				EB63C67DC3703BDBD56AE2E3 /* ShootLogTestsExample.swift in Sources */,
				1747A0F368BE64D2BBBCDDFB /* TiledInferenceRunnerTests.swift in Sources */,
				DA4D0DF31B3247533A360159 /* UpscaleOutputDestinationTests.swift in Sources */,
			);
			runOnlyForDeploymentPostprocessing = 0;
		};
/* End PBXSourcesBuildPhase section */

/* Begin PBXTargetDependency section */
		0072D9839F42A1B40D4D3986 /* PBXTargetDependency */ = {
			isa = PBXTargetDependency;
			target = 842A8C701D85DC736FD9703A /* ShootLog */;
			targetProxy = F4EF3F3EA924C75139495908 /* PBXContainerItemProxy */;
		};
/* End PBXTargetDependency section */

/* Begin XCBuildConfiguration section */
		09EAC2A88F76920D7C515DEE /* Release */ = {
			isa = XCBuildConfiguration;
			buildSettings = {
				ASSETCATALOG_COMPILER_APPICON_NAME = ShootLog;
				ASSETCATALOG_COMPILER_INCLUDE_ALL_APPICON_ASSETS = NO;
				CODE_SIGN_ENTITLEMENTS = ShootLog/ShootLog.entitlements;
				COMBINE_HIDPI_IMAGES = YES;
				DEAD_CODE_STRIPPING = YES;
				DEVELOPMENT_TEAM = 235777R328;
				INFOPLIST_FILE = ShootLog/Info.plist;
				INFOPLIST_KEY_LSApplicationCategoryType = "public.app-category.photography";
				LD_RUNPATH_SEARCH_PATHS = (
					"$(inherited)",
					"@executable_path/../Frameworks",
				);
				PRODUCT_BUNDLE_IDENTIFIER = com.shootlog.app;
				SDKROOT = macosx;
			};
			name = Release;
		};
		0AD515B5E481F91099A055C1 /* Debug */ = {
			isa = XCBuildConfiguration;
			buildSettings = {
				ASSETCATALOG_COMPILER_APPICON_NAME = ShootLog;
				ASSETCATALOG_COMPILER_INCLUDE_ALL_APPICON_ASSETS = NO;
				CODE_SIGN_ENTITLEMENTS = ShootLog/ShootLog.entitlements;
				COMBINE_HIDPI_IMAGES = YES;
				DEAD_CODE_STRIPPING = YES;
				DEVELOPMENT_TEAM = 235777R328;
				INFOPLIST_FILE = ShootLog/Info.plist;
				INFOPLIST_KEY_LSApplicationCategoryType = "public.app-category.photography";
				LD_RUNPATH_SEARCH_PATHS = (
					"$(inherited)",
					"@executable_path/../Frameworks",
				);
				PRODUCT_BUNDLE_IDENTIFIER = com.shootlog.app;
				SDKROOT = macosx;
			};
			name = Debug;
		};
		1482C98AABD3F14C07B74036 /* Release */ = {
			isa = XCBuildConfiguration;
			buildSettings = {
				ALWAYS_SEARCH_USER_PATHS = NO;
				ASSETCATALOG_COMPILER_GENERATE_ASSET_SYMBOLS = YES;
				ASSETCATALOG_COMPILER_GENERATE_SWIFT_ASSET_SYMBOL_EXTENSIONS = YES;
				CLANG_ANALYZER_LOCALIZABILITY_NONLOCALIZED = YES;
				CLANG_ANALYZER_NONNULL = YES;
				CLANG_ANALYZER_NUMBER_OBJECT_CONVERSION = YES_AGGRESSIVE;
				CLANG_CXX_LANGUAGE_STANDARD = "gnu++14";
				CLANG_CXX_LIBRARY = "libc++";
				CLANG_ENABLE_MODULES = YES;
				CLANG_ENABLE_OBJC_ARC = YES;
				CLANG_ENABLE_OBJC_WEAK = YES;
				CLANG_WARN_BLOCK_CAPTURE_AUTORELEASING = YES;
				CLANG_WARN_BOOL_CONVERSION = YES;
				CLANG_WARN_COMMA = YES;
				CLANG_WARN_CONSTANT_CONVERSION = YES;
				CLANG_WARN_DEPRECATED_OBJC_IMPLEMENTATIONS = YES;
				CLANG_WARN_DIRECT_OBJC_ISA_USAGE = YES_ERROR;
				CLANG_WARN_DOCUMENTATION_COMMENTS = YES;
				CLANG_WARN_EMPTY_BODY = YES;
				CLANG_WARN_ENUM_CONVERSION = YES;
				CLANG_WARN_INFINITE_RECURSION = YES;
				CLANG_WARN_INT_CONVERSION = YES;
				CLANG_WARN_NON_LITERAL_NULL_CONVERSION = YES;
				CLANG_WARN_OBJC_IMPLICIT_RETAIN_SELF = YES;
				CLANG_WARN_OBJC_LITERAL_CONVERSION = YES;
				CLANG_WARN_OBJC_ROOT_CLASS = YES_ERROR;
				CLANG_WARN_QUOTED_INCLUDE_IN_FRAMEWORK_HEADER = YES;
				CLANG_WARN_RANGE_LOOP_ANALYSIS = YES;
				CLANG_WARN_STRICT_PROTOTYPES = YES;
				CLANG_WARN_SUSPICIOUS_MOVE = YES;
				CLANG_WARN_UNGUARDED_AVAILABILITY = YES_AGGRESSIVE;
				CLANG_WARN_UNREACHABLE_CODE = YES;
				CLANG_WARN__DUPLICATE_METHOD_MATCH = YES;
				CODE_SIGN_STYLE = Automatic;
				COPY_PHASE_STRIP = NO;
				DEAD_CODE_STRIPPING = YES;
				DEBUG_INFORMATION_FORMAT = "dwarf-with-dsym";
				ENABLE_HARDENED_RUNTIME = YES;
				ENABLE_NS_ASSERTIONS = NO;
				ENABLE_STRICT_OBJC_MSGSEND = YES;
				ENABLE_USER_SCRIPT_SANDBOXING = YES;
				GCC_C_LANGUAGE_STANDARD = gnu11;
				GCC_NO_COMMON_BLOCKS = YES;
				GCC_WARN_64_TO_32_BIT_CONVERSION = YES;
				GCC_WARN_ABOUT_RETURN_TYPE = YES_ERROR;
				GCC_WARN_UNDECLARED_SELECTOR = YES;
				GCC_WARN_UNINITIALIZED_AUTOS = YES_AGGRESSIVE;
				GCC_WARN_UNUSED_FUNCTION = YES;
				GCC_WARN_UNUSED_VARIABLE = YES;
				MACOSX_DEPLOYMENT_TARGET = 14.0;
				MTL_ENABLE_DEBUG_INFO = NO;
				MTL_FAST_MATH = YES;
				OTHER_SWIFT_FLAGS = "";
				PRODUCT_NAME = ShootLog;
				SDKROOT = macosx;
				STRING_CATALOG_GENERATE_SYMBOLS = YES;
				SWIFT_COMPILATION_MODE = wholemodule;
				SWIFT_OPTIMIZATION_LEVEL = "-O";
				SWIFT_STRICT_CONCURRENCY = complete;
				SWIFT_VERSION = 6.0;
			};
			name = Release;
		};
		26C3EDDD7A46C0633E9F802E /* Debug */ = {
			isa = XCBuildConfiguration;
			buildSettings = {
				BUNDLE_LOADER = "$(TEST_HOST)";
				COMBINE_HIDPI_IMAGES = YES;
				DEAD_CODE_STRIPPING = YES;
				DEVELOPMENT_TEAM = 235777R328;
				LD_RUNPATH_SEARCH_PATHS = (
					"$(inherited)",
					"@executable_path/../Frameworks",
					"@loader_path/../Frameworks",
				);
				PRODUCT_BUNDLE_IDENTIFIER = com.shootlog.app.tests;
				PRODUCT_NAME = ShootLogTests;
				SDKROOT = macosx;
				TEST_HOST = "$(BUILT_PRODUCTS_DIR)/ShootLog.app/Contents/MacOS/ShootLog";
			};
			name = Debug;
		};
		3D92674027F78B7E9EE04567 /* Debug */ = {
			isa = XCBuildConfiguration;
			buildSettings = {
				ALWAYS_SEARCH_USER_PATHS = NO;
				ASSETCATALOG_COMPILER_GENERATE_ASSET_SYMBOLS = YES;
				ASSETCATALOG_COMPILER_GENERATE_SWIFT_ASSET_SYMBOL_EXTENSIONS = YES;
				CLANG_ANALYZER_LOCALIZABILITY_NONLOCALIZED = YES;
				CLANG_ANALYZER_NONNULL = YES;
				CLANG_ANALYZER_NUMBER_OBJECT_CONVERSION = YES_AGGRESSIVE;
				CLANG_CXX_LANGUAGE_STANDARD = "gnu++14";
				CLANG_CXX_LIBRARY = "libc++";
				CLANG_ENABLE_MODULES = YES;
				CLANG_ENABLE_OBJC_ARC = YES;
				CLANG_ENABLE_OBJC_WEAK = YES;
				CLANG_WARN_BLOCK_CAPTURE_AUTORELEASING = YES;
				CLANG_WARN_BOOL_CONVERSION = YES;
				CLANG_WARN_COMMA = YES;
				CLANG_WARN_CONSTANT_CONVERSION = YES;
				CLANG_WARN_DEPRECATED_OBJC_IMPLEMENTATIONS = YES;
				CLANG_WARN_DIRECT_OBJC_ISA_USAGE = YES_ERROR;
				CLANG_WARN_DOCUMENTATION_COMMENTS = YES;
				CLANG_WARN_EMPTY_BODY = YES;
				CLANG_WARN_ENUM_CONVERSION = YES;
				CLANG_WARN_INFINITE_RECURSION = YES;
				CLANG_WARN_INT_CONVERSION = YES;
				CLANG_WARN_NON_LITERAL_NULL_CONVERSION = YES;
				CLANG_WARN_OBJC_IMPLICIT_RETAIN_SELF = YES;
				CLANG_WARN_OBJC_LITERAL_CONVERSION = YES;
				CLANG_WARN_OBJC_ROOT_CLASS = YES_ERROR;
				CLANG_WARN_QUOTED_INCLUDE_IN_FRAMEWORK_HEADER = YES;
				CLANG_WARN_RANGE_LOOP_ANALYSIS = YES;
				CLANG_WARN_STRICT_PROTOTYPES = YES;
				CLANG_WARN_SUSPICIOUS_MOVE = YES;
				CLANG_WARN_UNGUARDED_AVAILABILITY = YES_AGGRESSIVE;
				CLANG_WARN_UNREACHABLE_CODE = YES;
				CLANG_WARN__DUPLICATE_METHOD_MATCH = YES;
				CODE_SIGN_STYLE = Automatic;
				COPY_PHASE_STRIP = NO;
				DEAD_CODE_STRIPPING = YES;
				DEBUG_INFORMATION_FORMAT = dwarf;
				ENABLE_HARDENED_RUNTIME = YES;
				ENABLE_STRICT_OBJC_MSGSEND = YES;
				ENABLE_TESTABILITY = YES;
				ENABLE_USER_SCRIPT_SANDBOXING = YES;
				GCC_C_LANGUAGE_STANDARD = gnu11;
				GCC_DYNAMIC_NO_PIC = NO;
				GCC_NO_COMMON_BLOCKS = YES;
				GCC_OPTIMIZATION_LEVEL = 0;
				GCC_PREPROCESSOR_DEFINITIONS = (
					"$(inherited)",
					"DEBUG=1",
				);
				GCC_WARN_64_TO_32_BIT_CONVERSION = YES;
				GCC_WARN_ABOUT_RETURN_TYPE = YES_ERROR;
				GCC_WARN_UNDECLARED_SELECTOR = YES;
				GCC_WARN_UNINITIALIZED_AUTOS = YES_AGGRESSIVE;
				GCC_WARN_UNUSED_FUNCTION = YES;
				GCC_WARN_UNUSED_VARIABLE = YES;
				MACOSX_DEPLOYMENT_TARGET = 14.0;
				MTL_ENABLE_DEBUG_INFO = INCLUDE_SOURCE;
				MTL_FAST_MATH = YES;
				ONLY_ACTIVE_ARCH = YES;
				OTHER_SWIFT_FLAGS = "";
				PRODUCT_NAME = ShootLog;
				SDKROOT = macosx;
				STRING_CATALOG_GENERATE_SYMBOLS = YES;
				SWIFT_ACTIVE_COMPILATION_CONDITIONS = DEBUG;
				SWIFT_OPTIMIZATION_LEVEL = "-Onone";
				SWIFT_STRICT_CONCURRENCY = complete;
				SWIFT_VERSION = 6.0;
			};
			name = Debug;
		};
		B354358F04541F9A45E4D3E0 /* Release */ = {
			isa = XCBuildConfiguration;
			buildSettings = {
				BUNDLE_LOADER = "$(TEST_HOST)";
				COMBINE_HIDPI_IMAGES = YES;
				DEAD_CODE_STRIPPING = YES;
				DEVELOPMENT_TEAM = 235777R328;
				LD_RUNPATH_SEARCH_PATHS = (
					"$(inherited)",
					"@executable_path/../Frameworks",
					"@loader_path/../Frameworks",
				);
				PRODUCT_BUNDLE_IDENTIFIER = com.shootlog.app.tests;
				PRODUCT_NAME = ShootLogTests;
				SDKROOT = macosx;
				TEST_HOST = "$(BUILT_PRODUCTS_DIR)/ShootLog.app/Contents/MacOS/ShootLog";
			};
			name = Release;
		};
/* End XCBuildConfiguration section */

/* Begin XCConfigurationList section */
		10833327DFCB5D888DA07C67 /* Build configuration list for PBXProject "ShootLog" */ = {
			isa = XCConfigurationList;
			buildConfigurations = (
				3D92674027F78B7E9EE04567 /* Debug */,
				1482C98AABD3F14C07B74036 /* Release */,
			);
			defaultConfigurationIsVisible = 0;
			defaultConfigurationName = Debug;
		};
		145676DD32DF74F6E30A3F72 /* Build configuration list for PBXNativeTarget "ShootLog" */ = {
			isa = XCConfigurationList;
			buildConfigurations = (
				0AD515B5E481F91099A055C1 /* Debug */,
				09EAC2A88F76920D7C515DEE /* Release */,
			);
			defaultConfigurationIsVisible = 0;
			defaultConfigurationName = Debug;
		};
		46BBCEF3402AE00E557C9939 /* Build configuration list for PBXNativeTarget "ShootLogTests" */ = {
			isa = XCConfigurationList;
			buildConfigurations = (
				26C3EDDD7A46C0633E9F802E /* Debug */,
				B354358F04541F9A45E4D3E0 /* Release */,
			);
			defaultConfigurationIsVisible = 0;
			defaultConfigurationName = Debug;
		};
/* End XCConfigurationList section */
	};
	rootObject = 1F10C356B7A1DF96721AA3ED /* Project object */;
}
